
Microsoft Visual Studio Solution File, Format Version 12.00
# Visual Studio Version 16
VisualStudioVersion = 16.0.31129.286
MinimumVisualStudioVersion = 10.0.40219.1
Project("{9A19103F-16F7-4668-BE54-9A1E7A4F7556}") = "DevToys.PocoCsv.Core", "DevToys.PocoCsv.Core\DevToys.PocoCsv.Core.csproj", "{CAE552CE-5436-4F42-B832-AB1CEE18A93C}"
EndProject
Project("{9A19103F-16F7-4668-BE54-9A1E7A4F7556}") = "TestProject2", "TestProject2\TestProject2.csproj", "{43A47C41-4123-4770-9578-FA952BA3CD69}"
EndProject
Global
	GlobalSection(SolutionConfigurationPlatforms) = preSolution
		Debug|Any CPU = Debug|Any CPU
		Release|Any CPU = Release|Any CPU
	EndGlobalSection
	GlobalSection(ProjectConfigurationPlatforms) = postSolution
		{CAE552CE-5436-4F42-B832-AB1CEE18A93C}.Debug|Any CPU.ActiveCfg = Debug|Any CPU
		{CAE552CE-5436-4F42-B832-AB1CEE18A93C}.Debug|Any CPU.Build.0 = Debug|Any CPU
		{CAE552CE-5436-4F42-B832-AB1CEE18A93C}.Release|Any CPU.ActiveCfg = Release|Any CPU
		{CAE552CE-5436-4F42-B832-AB1CEE18A93C}.Release|Any CPU.Build.0 = Release|Any CPU
		{43A47C41-4123-4770-9578-FA952BA3CD69}.Debug|Any CPU.ActiveCfg = Debug|Any CPU
		{43A47C41-4123-4770-9578-FA952BA3CD69}.Debug|Any CPU.Build.0 = Debug|Any CPU
		{43A47C41-4123-4770-9578-FA952BA3CD69}.Release|Any CPU.ActiveCfg = Release|Any CPU
		{43A47C41-4123-4770-9578-FA952BA3CD69}.Release|Any CPU.Build.0 = Release|Any CPU
	EndGlobalSection
	GlobalSection(SolutionProperties) = preSolution
		HideSolutionNode = FALSE
	EndGlobalSection
	GlobalSection(ExtensibilityGlobals) = postSolution
		SolutionGuid = {E996AD8D-9ADC-4E89-A3E0-E082A1105861}
	EndGlobalSection
EndGlobal
